// !$*UTF8*$!
{
	archiveVersion = 1;
	classes = {
	};
	objectVersion = 48;
	objects = {

/* Begin PBXBuildFile section */
		1DA5E7281FEF8355003D825A /* MasterController.swift in Sources */ = {isa = PBXBuildFile; fileRef = 1DA5E7271FEF8355003D825A /* MasterController.swift */; };
		1DA5E72A1FEF859A003D825A /* SearchController.swift in Sources */ = {isa = PBXBuildFile; fileRef = 1DA5E7291FEF859A003D825A /* SearchController.swift */; };
		1DA5E7301FEF88E0003D825A /* ConnectionListController.swift in Sources */ = {isa = PBXBuildFile; fileRef = 1DA5E72F1FEF88E0003D825A /* ConnectionListController.swift */; };
		1DA5E7321FEF8A1B003D825A /* connectionCell.swift in Sources */ = {isa = PBXBuildFile; fileRef = 1DA5E7311FEF8A1B003D825A /* connectionCell.swift */; };
		1DA5E7351FEF9B50003D825A /* TrainConnection+CoreDataClass.swift in Sources */ = {isa = PBXBuildFile; fileRef = 1DA5E7331FEF9B50003D825A /* TrainConnection+CoreDataClass.swift */; };
		1DA5E7361FEF9B50003D825A /* TrainConnection+CoreDataProperties.swift in Sources */ = {isa = PBXBuildFile; fileRef = 1DA5E7341FEF9B50003D825A /* TrainConnection+CoreDataProperties.swift */; };
		1DA5E7381FEF9B6F003D825A /* Helper.swift in Sources */ = {isa = PBXBuildFile; fileRef = 1DA5E7371FEF9B6F003D825A /* Helper.swift */; };
		1DA5E73C1FEFA30F003D825A /* FavouriteViewController.swift in Sources */ = {isa = PBXBuildFile; fileRef = 1DA5E73B1FEFA30F003D825A /* FavouriteViewController.swift */; };
		1DB9D5021FEF623000DFA073 /* AppDelegate.swift in Sources */ = {isa = PBXBuildFile; fileRef = 1DB9D5011FEF623000DFA073 /* AppDelegate.swift */; };
		1DB9D5071FEF623000DFA073 /* Main.storyboard in Resources */ = {isa = PBXBuildFile; fileRef = 1DB9D5051FEF623000DFA073 /* Main.storyboard */; };
		1DB9D50A1FEF623000DFA073 /* iTrains.xcdatamodeld in Sources */ = {isa = PBXBuildFile; fileRef = 1DB9D5081FEF623000DFA073 /* iTrains.xcdatamodeld */; };
		1DB9D50C1FEF623000DFA073 /* Assets.xcassets in Resources */ = {isa = PBXBuildFile; fileRef = 1DB9D50B1FEF623000DFA073 /* Assets.xcassets */; };
		1DB9D50F1FEF623000DFA073 /* LaunchScreen.storyboard in Resources */ = {isa = PBXBuildFile; fileRef = 1DB9D50D1FEF623000DFA073 /* LaunchScreen.storyboard */; };
		1DB9D5171FEF624700DFA073 /* ApiManager.swift in Sources */ = {isa = PBXBuildFile; fileRef = 1DB9D5161FEF624700DFA073 /* ApiManager.swift */; };
		1DB9D5191FEF732000DFA073 /* Connection.swift in Sources */ = {isa = PBXBuildFile; fileRef = 1DB9D5181FEF732000DFA073 /* Connection.swift */; };
		1DB9D51F1FEF734A00DFA073 /* SafeJsonObject.swift in Sources */ = {isa = PBXBuildFile; fileRef = 1DB9D51E1FEF734A00DFA073 /* SafeJsonObject.swift */; };
/* End PBXBuildFile section */

/* Begin PBXFileReference section */
		1DA5E7271FEF8355003D825A /* MasterController.swift */ = {isa = PBXFileReference; lastKnownFileType = sourcecode.swift; path = MasterController.swift; sourceTree = "<group>"; };
		1DA5E7291FEF859A003D825A /* SearchController.swift */ = {isa = PBXFileReference; lastKnownFileType = sourcecode.swift; path = SearchController.swift; sourceTree = "<group>"; };
		1DA5E72F1FEF88E0003D825A /* ConnectionListController.swift */ = {isa = PBXFileReference; lastKnownFileType = sourcecode.swift; path = ConnectionListController.swift; sourceTree = "<group>"; };
		1DA5E7311FEF8A1B003D825A /* connectionCell.swift */ = {isa = PBXFileReference; lastKnownFileType = sourcecode.swift; path = connectionCell.swift; sourceTree = "<group>"; };
		1DA5E7331FEF9B50003D825A /* TrainConnection+CoreDataClass.swift */ = {isa = PBXFileReference; lastKnownFileType = sourcecode.swift; path = "TrainConnection+CoreDataClass.swift"; sourceTree = "<group>"; };
		1DA5E7341FEF9B50003D825A /* TrainConnection+CoreDataProperties.swift */ = {isa = PBXFileReference; lastKnownFileType = sourcecode.swift; path = "TrainConnection+CoreDataProperties.swift"; sourceTree = "<group>"; };
		1DA5E7371FEF9B6F003D825A /* Helper.swift */ = {isa = PBXFileReference; lastKnownFileType = sourcecode.swift; path = Helper.swift; sourceTree = "<group>"; };
		1DA5E73B1FEFA30F003D825A /* FavouriteViewController.swift */ = {isa = PBXFileReference; lastKnownFileType = sourcecode.swift; path = FavouriteViewController.swift; sourceTree = "<group>"; };
		1DB9D4FE1FEF623000DFA073 /* iTrains.app */ = {isa = PBXFileReference; explicitFileType = wrapper.application; includeInIndex = 0; path = iTrains.app; sourceTree = BUILT_PRODUCTS_DIR; };
		1DB9D5011FEF623000DFA073 /* AppDelegate.swift */ = {isa = PBXFileReference; lastKnownFileType = sourcecode.swift; path = AppDelegate.swift; sourceTree = "<group>"; };
		1DB9D5061FEF623000DFA073 /* Base */ = {isa = PBXFileReference; lastKnownFileType = file.storyboard; name = Base; path = Base.lproj/Main.storyboard; sourceTree = "<group>"; };
		1DB9D5091FEF623000DFA073 /* iTrains.xcdatamodel */ = {isa = PBXFileReference; lastKnownFileType = wrapper.xcdatamodel; path = iTrains.xcdatamodel; sourceTree = "<group>"; };
		1DB9D50B1FEF623000DFA073 /* Assets.xcassets */ = {isa = PBXFileReference; lastKnownFileType = folder.assetcatalog; path = Assets.xcassets; sourceTree = "<group>"; };
		1DB9D50E1FEF623000DFA073 /* Base */ = {isa = PBXFileReference; lastKnownFileType = file.storyboard; name = Base; path = Base.lproj/LaunchScreen.storyboard; sourceTree = "<group>"; };
		1DB9D5101FEF623000DFA073 /* Info.plist */ = {isa = PBXFileReference; lastKnownFileType = text.plist.xml; path = Info.plist; sourceTree = "<group>"; };
		1DB9D5161FEF624700DFA073 /* ApiManager.swift */ = {isa = PBXFileReference; lastKnownFileType = sourcecode.swift; path = ApiManager.swift; sourceTree = "<group>"; };
		1DB9D5181FEF732000DFA073 /* Connection.swift */ = {isa = PBXFileReference; lastKnownFileType = sourcecode.swift; path = Connection.swift; sourceTree = "<group>"; };
		1DB9D51E1FEF734A00DFA073 /* SafeJsonObject.swift */ = {isa = PBXFileReference; lastKnownFileType = sourcecode.swift; path = SafeJsonObject.swift; sourceTree = "<group>"; };
/* End PBXFileReference section */

/* Begin PBXFrameworksBuildPhase section */
		1DB9D4FB1FEF623000DFA073 /* Frameworks */ = {
			isa = PBXFrameworksBuildPhase;
			buildActionMask = 2147483647;
			files = (
			);
			runOnlyForDeploymentPostprocessing = 0;
		};
/* End PBXFrameworksBuildPhase section */

/* Begin PBXGroup section */
		1DB9D4F51FEF623000DFA073 = {
			isa = PBXGroup;
			children = (
				1DA5E7331FEF9B50003D825A /* TrainConnection+CoreDataClass.swift */,
				1DA5E7341FEF9B50003D825A /* TrainConnection+CoreDataProperties.swift */,
				1DB9D5001FEF623000DFA073 /* iTrains */,
				1DB9D4FF1FEF623000DFA073 /* Products */,
			);
			sourceTree = "<group>";
		};
		1DB9D4FF1FEF623000DFA073 /* Products */ = {
			isa = PBXGroup;
			children = (
				1DB9D4FE1FEF623000DFA073 /* iTrains.app */,
			);
			name = Products;
			sourceTree = "<group>";
		};
		1DB9D5001FEF623000DFA073 /* iTrains */ = {
			isa = PBXGroup;
			children = (
				1DB9D5011FEF623000DFA073 /* AppDelegate.swift */,
				1DB9D5051FEF623000DFA073 /* Main.storyboard */,
				1DB9D50B1FEF623000DFA073 /* Assets.xcassets */,
				1DB9D50D1FEF623000DFA073 /* LaunchScreen.storyboard */,
				1DB9D5101FEF623000DFA073 /* Info.plist */,
				1DB9D5081FEF623000DFA073 /* iTrains.xcdatamodeld */,
				1DB9D5161FEF624700DFA073 /* ApiManager.swift */,
				1DB9D5181FEF732000DFA073 /* Connection.swift */,
				1DB9D51E1FEF734A00DFA073 /* SafeJsonObject.swift */,
				1DA5E7271FEF8355003D825A /* MasterController.swift */,
				1DA5E7291FEF859A003D825A /* SearchController.swift */,
				1DA5E72F1FEF88E0003D825A /* ConnectionListController.swift */,
				1DA5E7311FEF8A1B003D825A /* connectionCell.swift */,
				1DA5E7371FEF9B6F003D825A /* Helper.swift */,
				1DA5E73B1FEFA30F003D825A /* FavouriteViewController.swift */,
			);
			path = iTrains;
			sourceTree = "<group>";
		};
/* End PBXGroup section */

/* Begin PBXNativeTarget section */
		1DB9D4FD1FEF623000DFA073 /* iTrains */ = {
			isa = PBXNativeTarget;
			buildConfigurationList = 1DB9D5131FEF623000DFA073 /* Build configuration list for PBXNativeTarget "iTrains" */;
			buildPhases = (
				1DB9D4FA1FEF623000DFA073 /* Sources */,
				1DB9D4FB1FEF623000DFA073 /* Frameworks */,
				1DB9D4FC1FEF623000DFA073 /* Resources */,
			);
			buildRules = (
			);
			dependencies = (
			);
			name = iTrains;
			productName = iTrains;
			productReference = 1DB9D4FE1FEF623000DFA073 /* iTrains.app */;
			productType = "com.apple.product-type.application";
		};
/* End PBXNativeTarget section */

/* Begin PBXProject section */
		1DB9D4F61FEF623000DFA073 /* Project object */ = {
			isa = PBXProject;
			attributes = {
				LastSwiftUpdateCheck = 0910;
				LastUpgradeCheck = 0910;
				ORGANIZATIONNAME = "Pavan Gopal";
				TargetAttributes = {
					1DB9D4FD1FEF623000DFA073 = {
						CreatedOnToolsVersion = 9.1;
						ProvisioningStyle = Automatic;
					};
				};
			};
			buildConfigurationList = 1DB9D4F91FEF623000DFA073 /* Build configuration list for PBXProject "iTrains" */;
			compatibilityVersion = "Xcode 8.0";
			developmentRegion = en;
			hasScannedForEncodings = 0;
			knownRegions = (
				en,
				Base,
			);
			mainGroup = 1DB9D4F51FEF623000DFA073;
			productRefGroup = 1DB9D4FF1FEF623000DFA073 /* Products */;
			projectDirPath = "";
			projectRoot = "";
			targets = (
				1DB9D4FD1FEF623000DFA073 /* iTrains */,
			);
		};
/* End PBXProject section */

/* Begin PBXResourcesBuildPhase section */
		1DB9D4FC1FEF623000DFA073 /* Resources */ = {
			isa = PBXResourcesBuildPhase;
			buildActionMask = 2147483647;
			files = (
				1DB9D50F1FEF623000DFA073 /* LaunchScreen.storyboard in Resources */,
				1DB9D50C1FEF623000DFA073 /* Assets.xcassets in Resources */,
				1DB9D5071FEF623000DFA073 /* Main.storyboard in Resources */,
			);
			runOnlyForDeploymentPostprocessing = 0;
		};
/* End PBXResourcesBuildPhase section */

/* Begin PBXSourcesBuildPhase section */
		1DB9D4FA1FEF623000DFA073 /* Sources */ = {
			isa = PBXSourcesBuildPhase;
			buildActionMask = 2147483647;
			files = (
				1DA5E7301FEF88E0003D825A /* ConnectionListController.swift in Sources */,
				1DB9D5171FEF624700DFA073 /* ApiManager.swift in Sources */,
				1DA5E7361FEF9B50003D825A /* TrainConnection+CoreDataProperties.swift in Sources */,
				1DA5E7281FEF8355003D825A /* MasterController.swift in Sources */,
				1DA5E7321FEF8A1B003D825A /* connectionCell.swift in Sources */,
				1DB9D50A1FEF623000DFA073 /* iTrains.xcdatamodeld in Sources */,
				1DA5E72A1FEF859A003D825A /* SearchController.swift in Sources */,
				1DB9D5191FEF732000DFA073 /* Connection.swift in Sources */,
				1DA5E73C1FEFA30F003D825A /* FavouriteViewController.swift in Sources */,
				1DB9D5021FEF623000DFA073 /* AppDelegate.swift in Sources */,
				1DA5E7351FEF9B50003D825A /* TrainConnection+CoreDataClass.swift in Sources */,
				1DB9D51F1FEF734A00DFA073 /* SafeJsonObject.swift in Sources */,
				1DA5E7381FEF9B6F003D825A /* Helper.swift in Sources */,
			);
			runOnlyForDeploymentPostprocessing = 0;
		};
/* End PBXSourcesBuildPhase section */

/* Begin PBXVariantGroup section */
		1DB9D5051FEF623000DFA073 /* Main.storyboard */ = {
			isa = PBXVariantGroup;
			children = (
				1DB9D5061FEF623000DFA073 /* Base */,
			);
			name = Main.storyboard;
			sourceTree = "<group>";
		};
		1DB9D50D1FEF623000DFA073 /* LaunchScreen.storyboard */ = {
			isa = PBXVariantGroup;
			children = (
				1DB9D50E1FEF623000DFA073 /* Base */,
			);
			name = LaunchScreen.storyboard;
			sourceTree = "<group>";
		};
/* End PBXVariantGroup section */

/* Begin XCBuildConfiguration section */
		1DB9D5111FEF623000DFA073 /* Debug */ = {
			isa = XCBuildConfiguration;
			buildSettings = {
				ALWAYS_SEARCH_USER_PATHS = NO;
				CLANG_ANALYZER_NONNULL = YES;
				CLANG_ANALYZER_NUMBER_OBJECT_CONVERSION = YES_AGGRESSIVE;
				CLANG_CXX_LANGUAGE_STANDARD = "gnu++14";
				CLANG_CXX_LIBRARY = "libc++";
				CLANG_ENABLE_MODULES = YES;
				CLANG_ENABLE_OBJC_ARC = YES;
				CLANG_WARN_BLOCK_CAPTURE_AUTORELEASING = YES;
				CLANG_WARN_BOOL_CONVERSION = YES;
				CLANG_WARN_COMMA = YES;
				CLANG_WARN_CONSTANT_CONVERSION = YES;
				CLANG_WARN_DIRECT_OBJC_ISA_USAGE = YES_ERROR;
				CLANG_WARN_DOCUMENTATION_COMMENTS = YES;
				CLANG_WARN_EMPTY_BODY = YES;
				CLANG_WARN_ENUM_CONVERSION = YES;
				CLANG_WARN_INFINITE_RECURSION = YES;
				CLANG_WARN_INT_CONVERSION = YES;
				CLANG_WARN_NON_LITERAL_NULL_CONVERSION = YES;
				CLANG_WARN_OBJC_LITERAL_CONVERSION = YES;
				CLANG_WARN_OBJC_ROOT_CLASS = YES_ERROR;
				CLANG_WARN_RANGE_LOOP_ANALYSIS = YES;
				CLANG_WARN_STRICT_PROTOTYPES = YES;
				CLANG_WARN_SUSPICIOUS_MOVE = YES;
				CLANG_WARN_UNGUARDED_AVAILABILITY = YES_AGGRESSIVE;
				CLANG_WARN_UNREACHABLE_CODE = YES;
				CLANG_WARN__DUPLICATE_METHOD_MATCH = YES;
				CODE_SIGN_IDENTITY = "iPhone Developer";
				COPY_PHASE_STRIP = NO;
				DEBUG_INFORMATION_FORMAT = dwarf;
				ENABLE_STRICT_OBJC_MSGSEND = YES;
				ENABLE_TESTABILITY = YES;
				GCC_C_LANGUAGE_STANDARD = gnu11;
				GCC_DYNAMIC_NO_PIC = NO;
				GCC_NO_COMMON_BLOCKS = YES;
				GCC_OPTIMIZATION_LEVEL = 0;
				GCC_PREPROCESSOR_DEFINITIONS = (
					"DEBUG=1",
					"$(inherited)",
				);
				GCC_WARN_64_TO_32_BIT_CONVERSION = YES;
				GCC_WARN_ABOUT_RETURN_TYPE = YES_ERROR;
				GCC_WARN_UNDECLARED_SELECTOR = YES;
				GCC_WARN_UNINITIALIZED_AUTOS = YES_AGGRESSIVE;
				GCC_WARN_UNUSED_FUNCTION = YES;
				GCC_WARN_UNUSED_VARIABLE = YES;
				IPHONEOS_DEPLOYMENT_TARGET = 11.1;
				MTL_ENABLE_DEBUG_INFO = YES;
				ONLY_ACTIVE_ARCH = YES;
				SDKROOT = iphoneos;
				SWIFT_ACTIVE_COMPILATION_CONDITIONS = DEBUG;
				SWIFT_OPTIMIZATION_LEVEL = "-Onone";
			};
			name = Debug;
		};
		1DB9D5121FEF623000DFA073 /* Release */ = {
			isa = XCBuildConfiguration;
			buildSettings = {
				ALWAYS_SEARCH_USER_PATHS = NO;
				CLANG_ANALYZER_NONNULL = YES;
				CLANG_ANALYZER_NUMBER_OBJECT_CONVERSION = YES_AGGRESSIVE;
				CLANG_CXX_LANGUAGE_STANDARD = "gnu++14";
				CLANG_CXX_LIBRARY = "libc++";
				CLANG_ENABLE_MODULES = YES;
				CLANG_ENABLE_OBJC_ARC = YES;
				CLANG_WARN_BLOCK_CAPTURE_AUTORELEASING = YES;
				CLANG_WARN_BOOL_CONVERSION = YES;
				CLANG_WARN_COMMA = YES;
				CLANG_WARN_CONSTANT_CONVERSION = YES;
				CLANG_WARN_DIRECT_OBJC_ISA_USAGE = YES_ERROR;
				CLANG_WARN_DOCUMENTATION_COMMENTS = YES;
				CLANG_WARN_EMPTY_BODY = YES;
				CLANG_WARN_ENUM_CONVERSION = YES;
				CLANG_WARN_INFINITE_RECURSION = YES;
				CLANG_WARN_INT_CONVERSION = YES;
				CLANG_WARN_NON_LITERAL_NULL_CONVERSION = YES;
				CLANG_WARN_OBJC_LITERAL_CONVERSION = YES;
				CLANG_WARN_OBJC_ROOT_CLASS = YES_ERROR;
				CLANG_WARN_RANGE_LOOP_ANALYSIS = YES;
				CLANG_WARN_STRICT_PROTOTYPES = YES;
				CLANG_WARN_SUSPICIOUS_MOVE = YES;
				CLANG_WARN_UNGUARDED_AVAILABILITY = YES_AGGRESSIVE;
				CLANG_WARN_UNREACHABLE_CODE = YES;
				CLANG_WARN__DUPLICATE_METHOD_MATCH = YES;
				CODE_SIGN_IDENTITY = "iPhone Developer";
				COPY_PHASE_STRIP = NO;
				DEBUG_INFORMATION_FORMAT = "dwarf-with-dsym";
				ENABLE_NS_ASSERTIONS = NO;
				ENABLE_STRICT_OBJC_MSGSEND = YES;
				GCC_C_LANGUAGE_STANDARD = gnu11;
				GCC_NO_COMMON_BLOCKS = YES;
				GCC_WARN_64_TO_32_BIT_CONVERSION = YES;
				GCC_WARN_ABOUT_RETURN_TYPE = YES_ERROR;
				GCC_WARN_UNDECLARED_SELECTOR = YES;
				GCC_WARN_UNINITIALIZED_AUTOS = YES_AGGRESSIVE;
				GCC_WARN_UNUSED_FUNCTION = YES;
				GCC_WARN_UNUSED_VARIABLE = YES;
				IPHONEOS_DEPLOYMENT_TARGET = 11.1;
				MTL_ENABLE_DEBUG_INFO = NO;
				SDKROOT = iphoneos;
				SWIFT_OPTIMIZATION_LEVEL = "-Owholemodule";
				VALIDATE_PRODUCT = YES;
			};
			name = Release;
		};
		1DB9D5141FEF623000DFA073 /* Debug */ = {
			isa = XCBuildConfiguration;
			buildSettings = {
				ASSETCATALOG_COMPILER_APPICON_NAME = AppIcon;
				CODE_SIGN_STYLE = Automatic;
				DEVELOPMENT_TEAM = K6F4AGE4B2;
				INFOPLIST_FILE = iTrains/Info.plist;
				LD_RUNPATH_SEARCH_PATHS = "$(inherited) @executable_path/Frameworks";
				PRODUCT_BUNDLE_IDENTIFIER = com.thequint.iTrains;
				PRODUCT_NAME = "$(TARGET_NAME)";
				SWIFT_VERSION = 4.0;
				TARGETED_DEVICE_FAMILY = 2;
			};
			name = Debug;
		};
		1DB9D5151FEF623000DFA073 /* Release */ = {
			isa = XCBuildConfiguration;
			buildSettings = {
				ASSETCATALOG_COMPILER_APPICON_NAME = AppIcon;
				CODE_SIGN_STYLE = Automatic;
				DEVELOPMENT_TEAM = K6F4AGE4B2;
				INFOPLIST_FILE = iTrains/Info.plist;
				LD_RUNPATH_SEARCH_PATHS = "$(inherited) @executable_path/Frameworks";
				PRODUCT_BUNDLE_IDENTIFIER = com.thequint.iTrains;
				PRODUCT_NAME = "$(TARGET_NAME)";
				SWIFT_VERSION = 4.0;
				TARGETED_DEVICE_FAMILY = 2;
			};
			name = Release;
		};
/* End XCBuildConfiguration section */

/* Begin XCConfigurationList section */
		1DB9D4F91FEF623000DFA073 /* Build configuration list for PBXProject "iTrains" */ = {
			isa = XCConfigurationList;
			buildConfigurations = (
				1DB9D5111FEF623000DFA073 /* Debug */,
				1DB9D5121FEF623000DFA073 /* Release */,
			);
			defaultConfigurationIsVisible = 0;
			defaultConfigurationName = Release;
		};
		1DB9D5131FEF623000DFA073 /* Build configuration list for PBXNativeTarget "iTrains" */ = {
			isa = XCConfigurationList;
			buildConfigurations = (
				1DB9D5141FEF623000DFA073 /* Debug */,
				1DB9D5151FEF623000DFA073 /* Release */,
			);
			defaultConfigurationIsVisible = 0;
			defaultConfigurationName = Release;
		};
/* End XCConfigurationList section */

/* Begin XCVersionGroup section */
		1DB9D5081FEF623000DFA073 /* iTrains.xcdatamodeld */ = {
			isa = XCVersionGroup;
			children = (
				1DB9D5091FEF623000DFA073 /* iTrains.xcdatamodel */,
			);
			currentVersion = 1DB9D5091FEF623000DFA073 /* iTrains.xcdatamodel */;
			path = iTrains.xcdatamodeld;
			sourceTree = "<group>";
			versionGroupType = wrapper.xcdatamodel;
		};
/* End XCVersionGroup section */
	};
	rootObject = 1DB9D4F61FEF623000DFA073 /* Project object */;
}
